
Microsoft Visual Studio Solution File, Format Version 12.00
# Visual Studio Version 16
VisualStudioVersion = 16.0.28803.352
MinimumVisualStudioVersion = 10.0.40219.1
Project("{8BC9CEB8-8B4A-11D0-8D11-00A0C91BC942}") = "SecImGui", "SecImGui\SecImGui.vcxproj", "{711677B5-FBD8-4B6C-9CCF-0F09EC215EB0}"
EndProject
Global
	GlobalSection(SolutionConfigurationPlatforms) = preSolution
		Debug|x64 = Debug|x64
		Debug|x86 = Debug|x86
		Release|x64 = Release|x64
		Release|x86 = Release|x86
	EndGlobalSection
	GlobalSection(ProjectConfigurationPlatforms) = postSolution
		{711677B5-FBD8-4B6C-9CCF-0F09EC215EB0}.Debug|x64.ActiveCfg = Debug|x64
		{711677B5-FBD8-4B6C-9CCF-0F09EC215EB0}.Debug|x64.Build.0 = Debug|x64
		{711677B5-FBD8-4B6C-9CCF-0F09EC215EB0}.Debug|x86.ActiveCfg = Debug|Win32
		{711677B5-FBD8-4B6C-9CCF-0F09EC215EB0}.Debug|x86.Build.0 = Debug|Win32
		{711677B5-FBD8-4B6C-9CCF-0F09EC215EB0}.Release|x64.ActiveCfg = Release|x64
		{711677B5-FBD8-4B6C-9CCF-0F09EC215EB0}.Release|x64.Build.0 = Release|x64
		{711677B5-FBD8-4B6C-9CCF-0F09EC215EB0}.Release|x86.ActiveCfg = Release|Win32
		{711677B5-FBD8-4B6C-9CCF-0F09EC215EB0}.Release|x86.Build.0 = Release|Win32
	EndGlobalSection
	GlobalSection(SolutionProperties) = preSolution
		HideSolutionNode = FALSE
	EndGlobalSection
	GlobalSection(ExtensibilityGlobals) = postSolution
		SolutionGuid = {36B972B6-DEB5-41AF-87A2-CE171C18BD79}
	EndGlobalSection
EndGlobal
